;;;;;;;;;;;;;;;;;;;;;;;;;;;;;;;;;;;;;;;;;;;;;;;;;;;;;;;;;;;;;;;;;;;;;;;;;;;;;;;;
;; This is autogenerated by CLPM. Do not edit by hand.
;;;;;;;;;;;;;;;;;;;;;;;;;;;;;;;;;;;;;;;;;;;;;;;;;;;;;;;;;;;;;;;;;;;;;;;;;;;;;;;;

(:api-version "0.4")

;;;;;;;;;;;;;;;;;;;;;;;;;;;;;;;;;;;;;;;;;;;;;;;;;;;;;;;;;;;;;;;;;;;;;;;;;;;;;;;;
;; BEGIN SOURCES
;;;;;;;;;;;;;;;;;;;;;;;;;;;;;;;;;;;;;;;;;;;;;;;;;;;;;;;;;;;;;;;;;;;;;;;;;;;;;;;;

:sources
(:implicit-file :type :file-system :system-files ("tar-cli-asdf.asd"))
(:implicit-file :type :file-system :system-files ("tar-cli.asd"))
(:implicit-file :type :file-system :system-files ("tar.asd"))
(:implicit-vcs :type :vcs :projects
 (("asdf-release-ops" :gitlab :path "daewok/asdf-release-ops")))
(:implicit-vcs :type :vcs :projects (("osicat" :github :path "osicat/osicat")))
(:implicit-vcs :type :vcs :projects
 (("cl-tar-file" :gitlab :host "gitlab.common-lisp.net" :path
   "cl-tar/cl-tar-file")))
("quicklisp" :url "https://quicklisp.common-lisp-project-index.org/" :type
 :ql-clpi)


;;;;;;;;;;;;;;;;;;;;;;;;;;;;;;;;;;;;;;;;;;;;;;;;;;;;;;;;;;;;;;;;;;;;;;;;;;;;;;;;
;; BEGIN REQUIREMENTS
;;;;;;;;;;;;;;;;;;;;;;;;;;;;;;;;;;;;;;;;;;;;;;;;;;;;;;;;;;;;;;;;;;;;;;;;;;;;;;;;

:requirements
(:asd-file :name "tar-cli-asdf.asd")
(:asd-file :name "tar-cli.asd")
(:asd-file :name "tar.asd")
(:project :name "asdf-release-ops" :branch "main" :source :implicit-vcs)
(:project :name "osicat" :branch "master" :source :implicit-vcs)
(:project :name "cl-tar-file" :branch "main" :source :implicit-vcs)
(:system :name "flexi-streams")
(:system :name "slynk")
(:system :name "jonathan")
(:system :name "stem")
(:system :name "xml-emitter")
(:system :name "lass")
(:system :name "trivial-extract")
(:system :name "tmpdir")
(:system :name "log4cl")
(:system :name "spinneret")
(:system :name "commondoc-markdown")
(:system :name "dexador")
(:system :name "str")
(:system :name "cl-fad")
(:system :name "ironclad")
(:system :name "cl-ppcre-unicode")
(:system :name "cl-ppcre")
(:system :name "swank")
(:system :name "closer-mop")
(:system :name "3bmd-ext-code-blocks")
(:system :name "3bmd")
(:system :name "40ants-doc-full")


;;;;;;;;;;;;;;;;;;;;;;;;;;;;;;;;;;;;;;;;;;;;;;;;;;;;;;;;;;;;;;;;;;;;;;;;;;;;;;;;
;; BEGIN RELEASES
;;;;;;;;;;;;;;;;;;;;;;;;;;;;;;;;;;;;;;;;;;;;;;;;;;;;;;;;;;;;;;;;;;;;;;;;;;;;;;;;

:releases
("3bmd" :version "2021-04-11" :source "quicklisp" :systems
 ("3bmd" "3bmd-ext-code-blocks"))
("3bz" :version "2020-12-20" :source "quicklisp" :systems ("3bz"))
("adopt" :version "2021-05-31" :source "quicklisp" :systems ("adopt"))
("alexandria" :version "2021-08-07" :source "quicklisp" :systems ("alexandria"))
("anaphora" :version "2021-01-24" :source "quicklisp" :systems ("anaphora"))
("archive" :version "2016-03-18" :source "quicklisp" :systems ("archive"))
("array-utils" :version "2020-12-20" :source "quicklisp" :systems
 ("array-utils"))
("asdf-flv" :version "2016-04-21" :source "quicklisp" :systems
 ("net.didierverna.asdf-flv"))
("asdf-release-ops" :version
 (:commit "c6614010ffca0d3408f93ecae41e4da18cfb9f20") :source :implicit-vcs
 :systems
 ("asdf-release-ops" "asdf-release-ops-test" "asdf-release-ops-test/lisp-curl"
  "asdf-release-ops/archive" "asdf-release-ops/cffi-toolchain"
  "asdf-release-ops/lisp-invocation" "asdf-release-ops/osicat"))
("babel" :version "2020-09-25" :source "quicklisp" :systems ("babel"))
("bobbin" :version "2020-10-16" :source "quicklisp" :systems ("bobbin"))
("bordeaux-threads" :version "2020-06-10" :source "quicklisp" :systems
 ("bordeaux-threads"))
("cffi" :version "2021-04-11" :source "quicklisp" :systems
 ("cffi" "cffi-grovel" "cffi-toolchain"))
("chipz" :version "2021-08-07" :source "quicklisp" :systems ("chipz"))
("chunga" :version "2020-04-27" :source "quicklisp" :systems ("chunga"))
("cl+ssl" :version "2021-10-21" :source "quicklisp" :systems ("cl+ssl"))
("cl-annot" :version "2015-06-08" :source "quicklisp" :systems ("cl-annot"))
("cl-base64" :version "2020-10-16" :source "quicklisp" :systems ("cl-base64"))
("cl-change-case" :version "2021-04-11" :source "quicklisp" :systems
 ("cl-change-case"))
("cl-cookie" :version "2019-10-07" :source "quicklisp" :systems ("cl-cookie"))
("cl-fad" :version "2021-01-24" :source "quicklisp" :systems ("cl-fad"))
("cl-ppcre" :version "2019-05-21" :source "quicklisp" :systems
 ("cl-ppcre" "cl-ppcre-unicode"))
("cl-reexport" :version "2021-02-28" :source "quicklisp" :systems
 ("cl-reexport"))
("cl-str" :version "2021-05-31" :source "quicklisp" :systems ("str"))
("cl-syntax" :version "2015-04-07" :source "quicklisp" :systems
 ("cl-syntax" "cl-syntax-annot"))
("cl-tar-file" :version (:commit "02bdce6b1ace4093191854c539afbb4e5fd0ec96")
 :source :implicit-vcs :systems ("tar-file" "tar-file/test"))
("cl-unicode" :version "2021-02-28" :source "quicklisp" :systems ("cl-unicode"))
("cl-utilities" :version "2010-10-07" :source "quicklisp" :systems
 ("cl-utilities"))
("closer-mop" :version "2021-10-21" :source "quicklisp" :systems ("closer-mop"))
("colorize" :version "2018-02-28" :source "quicklisp" :systems ("colorize"))
("common-doc" :version "2021-08-07" :source "quicklisp" :systems ("common-doc"))
("common-html" :version "2021-08-07" :source "quicklisp" :systems
 ("common-html"))
("commondoc-markdown" :version "2021-10-21" :source "quicklisp" :systems
 ("commondoc-markdown"))
("deflate" :version "2020-02-18" :source "quicklisp" :systems ("deflate"))
("dexador" :version "2021-08-07" :source "quicklisp" :systems ("dexador"))
("doc" :version "2021-10-21" :source "quicklisp" :systems
 ("40ants-doc" "40ants-doc-full"))
("documentation-utils" :version "2019-07-11" :source "quicklisp" :systems
 ("documentation-utils"))
("drakma" :version "2021-08-07" :source "quicklisp" :systems ("drakma"))
("esrap" :version "2021-10-21" :source "quicklisp" :systems ("esrap"))
("fare-quasiquote" :version "2020-09-25" :source "quicklisp" :systems
 ("fare-quasiquote" "fare-quasiquote-extras" "fare-quasiquote-optima"
  "fare-quasiquote-readtable"))
("fare-utils" :version "2017-01-24" :source "quicklisp" :systems ("fare-utils"))
("fast-http" :version "2019-10-07" :source "quicklisp" :systems ("fast-http"))
("fast-io" :version "2020-09-25" :source "quicklisp" :systems ("fast-io"))
("file-attributes" :version "2021-08-07" :source "quicklisp" :systems
 ("file-attributes"))
("fiveam" :version "2020-09-25" :source "quicklisp" :systems ("fiveam"))
("flexi-streams" :version "2021-08-07" :source "quicklisp" :systems
 ("flexi-streams"))
("form-fiddle" :version "2019-07-11" :source "quicklisp" :systems
 ("form-fiddle"))
("global-vars" :version "2014-11-06" :source "quicklisp" :systems
 ("global-vars"))
("html-encode" :version "2010-10-07" :source "quicklisp" :systems
 ("html-encode"))
("introspect-environment" :version "2021-08-07" :source "quicklisp" :systems
 ("introspect-environment"))
("ironclad" :version "2021-10-21" :source "quicklisp" :systems ("ironclad"))
("iterate" :version "2021-05-31" :source "quicklisp" :systems ("iterate"))
("jonathan" :version "2020-09-25" :source "quicklisp" :systems ("jonathan"))
("lass" :version "2021-10-21" :source "quicklisp" :systems ("lass"))
("lisp-invocation" :version "2018-02-28" :source "quicklisp" :systems
 ("lisp-invocation"))
("lisp-namespace" :version "2021-10-21" :source "quicklisp" :systems
 ("lisp-namespace"))
("local-time" :version "2021-01-24" :source "quicklisp" :systems ("local-time"))
("log4cl" :version "2021-10-21" :source "quicklisp" :systems ("log4cl"))
("mmap" :version "2020-12-20" :source "quicklisp" :systems ("mmap"))
("named-readtables" :version "2021-05-31" :source "quicklisp" :systems
 ("named-readtables"))
("nibbles" :version "2021-05-31" :source "quicklisp" :systems ("nibbles"))
("osicat" :version (:commit "6b5002842f29219712a16f7ece116e48932cdd0b") :source
 :implicit-vcs :systems ("osicat" "osicat/tests"))
("parachute" :version "2021-10-21" :source "quicklisp" :systems ("parachute"))
("parenscript" :version "2018-12-10" :source "quicklisp" :systems
 ("parenscript"))
("parse-declarations" :version "2010-10-07" :source "quicklisp" :systems
 ("parse-declarations-1.0"))
("parse-number" :version "2018-02-28" :source "quicklisp" :systems
 ("parse-number"))
("path-parse" :version "2016-04-21" :source "quicklisp" :systems ("path-parse"))
("pathname-utils" :version "2021-05-31" :source "quicklisp" :systems
 ("pathname-utils"))
("plump" :version "2021-06-30" :source "quicklisp" :systems ("plump"))
("proc-parse" :version "2019-08-13" :source "quicklisp" :systems ("proc-parse"))
("puri" :version "2020-10-16" :source "quicklisp" :systems ("puri"))
("pythonic-string-reader" :version "2018-07-11" :source "quicklisp" :systems
 ("pythonic-string-reader"))
("quri" :version "2021-06-30" :source "quicklisp" :systems ("quri"))
("rt" :version "2010-10-07" :source "quicklisp" :systems ("rt"))
("salza2" :version "2021-10-21" :source "quicklisp" :systems ("salza2"))
("serapeum" :version "2021-10-21" :source "quicklisp" :systems ("serapeum"))
("slime" :version "2020-12-20" :source "quicklisp" :systems ("swank"))
("sly" :version "2021-08-07" :source "quicklisp" :systems ("slynk"))
("smart-buffer" :version "2021-10-21" :source "quicklisp" :systems
 ("smart-buffer"))
("spinneret" :version "2021-10-21" :source "quicklisp" :systems ("spinneret"))
("split-sequence" :version "2021-05-31" :source "quicklisp" :systems
 ("split-sequence"))
("static-vectors" :version "2021-06-30" :source "quicklisp" :systems
 ("static-vectors"))
("stem" :version "2015-06-08" :source "quicklisp" :systems ("stem"))
("string-case" :version "2018-07-11" :source "quicklisp" :systems
 ("string-case"))
("tar-cli-asdf.asd" :version :newest :source :implicit-file :systems
 ("tar-cli-asdf"))
("tar-cli.asd" :version :newest :source :implicit-file :systems ("tar-cli"))
("tar.asd" :version :newest :source :implicit-file :systems
 ("tar" "tar/common-extract" "tar/create" "tar/create-test" "tar/docs"
  "tar/extract" "tar/extract-test" "tar/simple-create" "tar/simple-create-test"
  "tar/simple-extract" "tar/simple-extract-test" "tar/test"))
("tmpdir" :version "2020-02-18" :source "quicklisp" :systems ("tmpdir"))
("trivia" :version "2021-10-21" :source "quicklisp" :systems
 ("trivia" "trivia.balland2006" "trivia.level0" "trivia.level1" "trivia.level2"
  "trivia.quasiquote" "trivia.trivial"))
("trivial-backtrace" :version "2020-06-10" :source "quicklisp" :systems
 ("trivial-backtrace"))
("trivial-cltl2" :version "2020-03-25" :source "quicklisp" :systems
 ("trivial-cltl2"))
("trivial-extract" :version "2016-04-21" :source "quicklisp" :systems
 ("trivial-extract"))
("trivial-features" :version "2021-04-11" :source "quicklisp" :systems
 ("trivial-features"))
("trivial-file-size" :version "2020-04-27" :source "quicklisp" :systems
 ("trivial-file-size"))
("trivial-garbage" :version "2020-09-25" :source "quicklisp" :systems
 ("trivial-garbage"))
("trivial-gray-streams" :version "2021-01-24" :source "quicklisp" :systems
 ("trivial-gray-streams"))
("trivial-indent" :version "2021-05-31" :source "quicklisp" :systems
 ("trivial-indent"))
("trivial-macroexpand-all" :version "2017-10-23" :source "quicklisp" :systems
 ("trivial-macroexpand-all"))
("trivial-mimes" :version "2020-07-15" :source "quicklisp" :systems
 ("trivial-mimes"))
("trivial-types" :version "2012-04-07" :source "quicklisp" :systems
 ("trivial-types"))
("trivial-with-current-source-form" :version "2021-10-21" :source "quicklisp"
 :systems ("trivial-with-current-source-form"))
("type-i" :version "2019-12-27" :source "quicklisp" :systems ("type-i"))
("usocket" :version "2019-12-27" :source "quicklisp" :systems ("usocket"))
("which" :version "2016-04-21" :source "quicklisp" :systems ("which"))
("xml-emitter" :version "2020-02-18" :source "quicklisp" :systems
 ("xml-emitter"))
("xsubseq" :version "2017-08-30" :source "quicklisp" :systems ("xsubseq"))
("zip" :version "2015-06-08" :source "quicklisp" :systems ("zip"))
("zippy" :version "2021-10-21" :source "quicklisp" :systems ("zippy"))


;;;;;;;;;;;;;;;;;;;;;;;;;;;;;;;;;;;;;;;;;;;;;;;;;;;;;;;;;;;;;;;;;;;;;;;;;;;;;;;;
;; BEGIN REVERSE-DEPENDENCIES
;;;;;;;;;;;;;;;;;;;;;;;;;;;;;;;;;;;;;;;;;;;;;;;;;;;;;;;;;;;;;;;;;;;;;;;;;;;;;;;;

:reverse-dependencies
("3bmd" ((:system :name "commondoc-markdown") (:system :name "3bmd"))
 ((:system :name "commondoc-markdown") (:system :name "3bmd-ext-code-blocks"))
 ((:system :name "3bmd-ext-code-blocks") (:system :name "3bmd"))
 (t (:system :name "3bmd-ext-code-blocks")) (t (:system :name "3bmd")))

("3bz" ((:system :name "zippy") (:system :name "3bz")))

("adopt" ((:system :name "tar-cli") (:system :name "adopt")))

("alexandria" ((:system :name "zippy") (:system :name "alexandria"))
 ((:system :name "type-i") (:system :name "alexandria"))
 ((:system :name "trivial-with-current-source-form")
  (:system :name "alexandria"))
 ((:system :name "trivial-extract") (:system :name "alexandria"))
 ((:system :name "trivia.level0") (:system :name "alexandria"))
 ((:system :name "trivia.balland2006") (:system :name "alexandria"))
 ((:system :name "tar/extract") (:system :name "alexandria"))
 ((:system :name "tar-file") (:system :name "alexandria"))
 ((:system :name "tar") (:system :name "alexandria"))
 ((:system :name "static-vectors") (:system :name "alexandria"))
 ((:system :name "spinneret") (:system :name "alexandria"))
 ((:system :name "serapeum") (:system :name "alexandria"))
 ((:system :name "quri") (:system :name "alexandria"))
 ((:system :name "proc-parse") (:system :name "alexandria"))
 ((:system :name "osicat") (:system :name "alexandria"))
 ((:system :name "lisp-namespace") (:system :name "alexandria"))
 ((:system :name "fiveam") (:system :name "alexandria"))
 ((:system :name "fast-io") (:system :name "alexandria"))
 ((:system :name "fast-http") (:system :name "alexandria"))
 ((:system :name "esrap") (:system :name "alexandria"))
 ((:system :name "dexador") (:system :name "alexandria"))
 ((:system :name "commondoc-markdown") (:system :name "alexandria"))
 ((:system :name "common-html") (:system :name "alexandria"))
 ((:system :name "common-doc") (:system :name "alexandria"))
 ((:system :name "colorize") (:system :name "alexandria"))
 ((:system :name "cl-reexport") (:system :name "alexandria"))
 ((:system :name "cl-fad") (:system :name "alexandria"))
 ((:system :name "cl-cookie") (:system :name "alexandria"))
 ((:system :name "cl-annot") (:system :name "alexandria"))
 ((:system :name "cl+ssl") (:system :name "alexandria"))
 ((:system :name "cffi-grovel") (:system :name "alexandria"))
 ((:system :name "cffi") (:system :name "alexandria"))
 ((:system :name "bordeaux-threads") (:system :name "alexandria"))
 ((:system :name "babel") (:system :name "alexandria"))
 ((:system :name "3bz") (:system :name "alexandria"))
 ((:system :name "3bmd-ext-code-blocks") (:system :name "alexandria"))
 ((:system :name "3bmd") (:system :name "alexandria")))

("anaphora" ((:system :name "parenscript") (:system :name "anaphora"))
 ((:system :name "common-html") (:system :name "anaphora"))
 ((:system :name "common-doc") (:system :name "anaphora")))

("archive" ((:system :name "trivial-extract") (:system :name "archive"))
 ((:system :name "asdf-release-ops/archive") (:system :name "archive")))

("array-utils" ((:system :name "plump") (:system :name "array-utils")))

("asdf-flv"
 ((:system :name "fiveam") (:system :name "net.didierverna.asdf-flv")))

("asdf-release-ops"
 ((:system :name "tar-cli-asdf") (:system :name "asdf-release-ops"))
 ((:system :name "asdf-release-ops/osicat") (:system :name "asdf-release-ops"))
 ((:system :name "asdf-release-ops/archive")
  (:system :name "asdf-release-ops"))
 ((:system :name "asdf-release-ops-test/lisp-curl")
  (:system :name "asdf-release-ops"))
 ((:system :name "asdf-release-ops-test/lisp-curl")
  (:system :name "asdf-release-ops"))
 ((:system :name "asdf-release-ops-test") (:system :name "asdf-release-ops"))
 ((:system :name "asdf-release-ops-test") (:system :name "asdf-release-ops"))
 (t (:project :name "asdf-release-ops" :branch "main" :source :implicit-vcs)))

("babel" ((:system :name "zippy") (:system :name "babel"))
 ((:system :name "zip") (:system :name "babel"))
 ((:system :name "tar-file") (:system :name "babel"))
 ((:system :name "tar") (:system :name "babel"))
 ((:system :name "serapeum") (:system :name "babel"))
 ((:system :name "quri") (:system :name "babel"))
 ((:system :name "proc-parse") (:system :name "babel"))
 ((:system :name "jonathan") (:system :name "babel"))
 ((:system :name "fast-http") (:system :name "babel"))
 ((:system :name "dexador") (:system :name "babel"))
 ((:system :name "commondoc-markdown") (:system :name "babel"))
 ((:system :name "cffi") (:system :name "babel"))
 ((:system :name "3bz") (:system :name "babel")))

("bobbin" ((:system :name "adopt") (:system :name "bobbin")))

("bordeaux-threads"
 ((:system :name "serapeum") (:system :name "bordeaux-threads"))
 ((:system :name "log4cl") (:system :name "bordeaux-threads"))
 ((:system :name "ironclad") (:system :name "bordeaux-threads"))
 ((:system :name "dexador") (:system :name "bordeaux-threads"))
 ((:system :name "cl-fad") (:system :name "bordeaux-threads"))
 ((:system :name "cl+ssl") (:system :name "bordeaux-threads")))

("cffi" ((:system :name "static-vectors") (:system :name "cffi"))
 ((:system :name "static-vectors") (:system :name "cffi-grovel"))
 ((:system :name "osicat/tests") (:system :name "cffi-grovel"))
 ((:system :name "osicat") (:system :name "cffi"))
 ((:system :name "osicat") (:system :name "cffi-grovel"))
 ((:system :name "osicat") (:system :name "cffi-grovel"))
 ((:system :name "mmap") (:system :name "cffi"))
 ((:system :name "file-attributes") (:system :name "cffi"))
 ((:system :name "cl+ssl") (:system :name "cffi"))
 ((:system :name "cffi-toolchain") (:system :name "cffi"))
 ((:system :name "cffi-grovel") (:system :name "cffi"))
 ((:system :name "cffi-grovel") (:system :name "cffi-toolchain"))
 ((:system :name "asdf-release-ops/cffi-toolchain")
  (:system :name "cffi-toolchain"))
 ((:system :name "3bz") (:system :name "cffi")))

("chipz" ((:system :name "tar-file") (:system :name "chipz"))
 ((:system :name "drakma") (:system :name "chipz"))
 ((:system :name "dexador") (:system :name "chipz")))

("chunga" ((:system :name "drakma") (:system :name "chunga"))
 ((:system :name "dexador") (:system :name "chunga")))

("cl+ssl" ((:system :name "drakma") (:system :name "cl+ssl"))
 ((:system :name "dexador") (:system :name "cl+ssl")))

("cl-annot" ((:system :name "jonathan") (:system :name "cl-annot"))
 ((:system :name "cl-syntax-annot") (:system :name "cl-annot")))

("cl-base64" ((:system :name "lass") (:system :name "cl-base64"))
 ((:system :name "drakma") (:system :name "cl-base64"))
 ((:system :name "dexador") (:system :name "cl-base64")))

("cl-change-case" ((:system :name "str") (:system :name "cl-change-case")))

("cl-cookie" ((:system :name "dexador") (:system :name "cl-cookie")))

("cl-fad" ((:system :name "zip") (:system :name "cl-fad"))
 ((:system :name "which") (:system :name "cl-fad"))
 ((:system :name "trivial-extract") (:system :name "cl-fad"))
 ((:system :name "tmpdir") (:system :name "cl-fad"))
 ((:system :name "archive") (:system :name "cl-fad"))
 (t (:system :name "cl-fad")))

("cl-ppcre" ((:system :name "str") (:system :name "cl-ppcre"))
 ((:system :name "str") (:system :name "cl-ppcre-unicode"))
 ((:system :name "spinneret") (:system :name "cl-ppcre"))
 ((:system :name "parenscript") (:system :name "cl-ppcre"))
 ((:system :name "jonathan") (:system :name "cl-ppcre"))
 ((:system :name "drakma") (:system :name "cl-ppcre"))
 ((:system :name "dexador") (:system :name "cl-ppcre"))
 ((:system :name "cl-unicode") (:system :name "cl-ppcre"))
 ((:system :name "cl-ppcre-unicode") (:system :name "cl-ppcre"))
 ((:system :name "cl-cookie") (:system :name "cl-ppcre"))
 ((:system :name "cl-change-case") (:system :name "cl-ppcre"))
 ((:system :name "cl-change-case") (:system :name "cl-ppcre-unicode"))
 (t (:system :name "cl-ppcre-unicode")) (t (:system :name "cl-ppcre")))

("cl-reexport" ((:system :name "dexador") (:system :name "cl-reexport")))

("cl-str" ((:system :name "commondoc-markdown") (:system :name "str"))
 (t (:system :name "str")))

("cl-syntax" ((:system :name "jonathan") (:system :name "cl-syntax"))
 ((:system :name "jonathan") (:system :name "cl-syntax-annot"))
 ((:system :name "cl-syntax-annot") (:system :name "cl-syntax")))

("cl-tar-file" ((:system :name "tar-file/test") (:system :name "tar-file"))
 ((:system :name "tar") (:system :name "tar-file" :version ((>= "0.2.0"))))
 (t (:project :name "cl-tar-file" :branch "main" :source :implicit-vcs)))

("cl-unicode" ((:system :name "cl-ppcre-unicode") (:system :name "cl-unicode")))

("cl-utilities" ((:system :name "xml-emitter") (:system :name "cl-utilities"))
 ((:system :name "quri") (:system :name "cl-utilities"))
 ((:system :name "fast-http") (:system :name "cl-utilities")))

("closer-mop" ((:system :name "trivia.level2") (:system :name "closer-mop"))
 ((:system :name "common-doc") (:system :name "closer-mop"))
 (t (:system :name "closer-mop")))

("colorize" ((:system :name "3bmd-ext-code-blocks") (:system :name "colorize")))

("common-doc"
 ((:system :name "commondoc-markdown") (:system :name "common-doc"))
 ((:system :name "common-html") (:system :name "common-doc")))

("common-html"
 ((:system :name "commondoc-markdown") (:system :name "common-html")))

("commondoc-markdown" (t (:system :name "commondoc-markdown")))

("deflate" ((:system :name "trivial-extract") (:system :name "deflate")))

("dexador" (t (:system :name "dexador")))

("doc" ((:system :name "tar/docs") (:system :name "40ants-doc"))
 ((:system :name "tar-file") (:system :name "40ants-doc"))
 ((:system :name "tar") (:system :name "40ants-doc"))
 (t (:system :name "40ants-doc-full")))

("documentation-utils"
 ((:system :name "zippy") (:system :name "documentation-utils"))
 ((:system :name "plump") (:system :name "documentation-utils"))
 ((:system :name "parachute") (:system :name "documentation-utils"))
 ((:system :name "mmap") (:system :name "documentation-utils"))
 ((:system :name "form-fiddle") (:system :name "documentation-utils"))
 ((:system :name "file-attributes") (:system :name "documentation-utils")))

("drakma"
 ((:system :name "asdf-release-ops-test/lisp-curl") (:system :name "drakma")))

("esrap" ((:system :name "3bmd") (:system :name "esrap")))

("fare-quasiquote"
 ((:system :name "trivia.quasiquote")
  (:system :name "fare-quasiquote-readtable"))
 ((:system :name "serapeum") (:system :name "fare-quasiquote-extras"))
 ((:system :name "fare-quasiquote-readtable")
  (:system :name "fare-quasiquote"))
 ((:system :name "fare-quasiquote-extras")
  (:system :name "fare-quasiquote-optima"))
 ((:system :name "fare-quasiquote-extras")
  (:system :name "fare-quasiquote-readtable")))

("fare-utils" ((:system :name "fare-quasiquote") (:system :name "fare-utils")))

("fast-http" ((:system :name "dexador") (:system :name "fast-http")))

("fast-io" ((:system :name "jonathan") (:system :name "fast-io"))
 ((:system :name "dexador") (:system :name "fast-io")))

("file-attributes" ((:system :name "zippy") (:system :name "file-attributes")))

("fiveam" ((:system :name "asdf-release-ops-test") (:system :name "fiveam")))

("flexi-streams" ((:system :name "tar-file") (:system :name "flexi-streams"))
 ((:system :name "smart-buffer") (:system :name "flexi-streams"))
 ((:system :name "drakma") (:system :name "flexi-streams"))
 ((:system :name "cl+ssl") (:system :name "flexi-streams"))
 (t (:system :name "flexi-streams")))

("form-fiddle" ((:system :name "parachute") (:system :name "form-fiddle")))

("global-vars" ((:system :name "spinneret") (:system :name "global-vars"))
 ((:system :name "serapeum") (:system :name "global-vars")))

("html-encode" ((:system :name "colorize") (:system :name "html-encode")))

("introspect-environment"
 ((:system :name "type-i") (:system :name "introspect-environment"))
 ((:system :name "serapeum") (:system :name "introspect-environment")))

("ironclad" ((:system :name "commondoc-markdown") (:system :name "ironclad"))
 (t (:system :name "ironclad")))

("iterate" ((:system :name "trivia.balland2006") (:system :name "iterate")))

("jonathan" (t (:system :name "jonathan")))

("lass" (t (:system :name "lass")))

("lisp-invocation"
 ((:system :name "asdf-release-ops/lisp-invocation")
  (:system :name "lisp-invocation")))

("lisp-namespace" ((:system :name "type-i") (:system :name "lisp-namespace"))
 ((:system :name "trivia.level2") (:system :name "lisp-namespace")))

("local-time"
 ((:system :name "tar/simple-extract") (:system :name "local-time"))
 ((:system :name "tar/simple-create") (:system :name "local-time"))
 ((:system :name "tar/extract") (:system :name "local-time"))
 ((:system :name "tar/create") (:system :name "local-time"))
 ((:system :name "tar") (:system :name "local-time"))
 ((:system :name "common-doc") (:system :name "local-time"))
 ((:system :name "cl-cookie") (:system :name "local-time")))

("log4cl" (t (:system :name "log4cl")))

("mmap" ((:system :name "3bz") (:system :name "mmap")))

("named-readtables"
 ((:system :name "serapeum") (:system :name "named-readtables"))
 ((:system :name "pythonic-string-reader") (:system :name "named-readtables"))
 ((:system :name "parenscript") (:system :name "named-readtables"))
 ((:system :name "fare-quasiquote-readtable")
  (:system :name "named-readtables"))
 ((:system :name "cl-syntax") (:system :name "named-readtables"))
 ((:system :name "40ants-doc") (:system :name "named-readtables")))

("nibbles" ((:system :name "zippy") (:system :name "nibbles"))
 ((:system :name "3bz") (:system :name "nibbles")))

("osicat" ((:system :name "tar/simple-extract-test") (:system :name "osicat"))
 ((:system :name "tar/simple-create-test") (:system :name "osicat"))
 ((:system :name "tar/extract") (:system :name "osicat"))
 ((:system :name "tar/create-test") (:system :name "osicat"))
 ((:system :name "tar/create") (:system :name "osicat"))
 ((:system :name "osicat/tests") (:system :name "osicat"))
 ((:system :name "asdf-release-ops/osicat") (:system :name "osicat"))
 (t (:project :name "osicat" :branch "master" :source :implicit-vcs)))

("parachute" ((:system :name "tar/test") (:system :name "parachute"))
 ((:system :name "tar/simple-extract-test") (:system :name "parachute"))
 ((:system :name "tar/simple-create-test") (:system :name "parachute"))
 ((:system :name "tar/extract-test") (:system :name "parachute"))
 ((:system :name "tar/create-test") (:system :name "parachute"))
 ((:system :name "tar-file/test") (:system :name "parachute")))

("parenscript" ((:system :name "spinneret") (:system :name "parenscript")))

("parse-declarations"
 ((:system :name "serapeum") (:system :name "parse-declarations-1.0")))

("parse-number" ((:system :name "serapeum") (:system :name "parse-number")))

("path-parse" ((:system :name "which") (:system :name "path-parse")))

("pathname-utils" ((:system :name "zippy") (:system :name "pathname-utils")))

("plump" ((:system :name "common-html") (:system :name "plump")))

("proc-parse" ((:system :name "jonathan") (:system :name "proc-parse"))
 ((:system :name "fast-http") (:system :name "proc-parse"))
 ((:system :name "cl-cookie") (:system :name "proc-parse")))

("puri" ((:system :name "drakma") (:system :name "puri")))

("pythonic-string-reader"
 ((:system :name "40ants-doc") (:system :name "pythonic-string-reader")))

("quri" ((:system :name "dexador") (:system :name "quri"))
 ((:system :name "commondoc-markdown") (:system :name "quri"))
 ((:system :name "common-doc") (:system :name "quri"))
 ((:system :name "cl-cookie") (:system :name "quri")))

("rt" ((:system :name "osicat/tests") (:system :name "rt")))

("salza2" ((:system :name "zippy") (:system :name "salza2"))
 ((:system :name "zip") (:system :name "salza2"))
 ((:system :name "tar-file") (:system :name "salza2"))
 ((:system :name "asdf-release-ops/archive") (:system :name "salza2")))

("serapeum" ((:system :name "spinneret") (:system :name "serapeum")))

("slime" (t (:system :name "swank")))

("sly" (t (:system :name "slynk")))

("smart-buffer" ((:system :name "fast-http") (:system :name "smart-buffer")))

("spinneret" (t (:system :name "spinneret")))

("split-sequence" ((:system :name "usocket") (:system :name "split-sequence"))
 ((:system :name "tar/common-extract") (:system :name "split-sequence"))
 ((:system :name "tar") (:system :name "split-sequence"))
 ((:system :name "serapeum") (:system :name "split-sequence"))
 ((:system :name "quri") (:system :name "split-sequence"))
 ((:system :name "path-parse") (:system :name "split-sequence"))
 ((:system :name "colorize") (:system :name "split-sequence"))
 ((:system :name "bobbin") (:system :name "split-sequence"))
 ((:system :name "adopt") (:system :name "split-sequence"))
 ((:system :name "3bmd-ext-code-blocks") (:system :name "split-sequence"))
 ((:system :name "3bmd") (:system :name "split-sequence")))

("static-vectors" ((:system :name "fast-io") (:system :name "static-vectors")))

("stem" (t (:system :name "stem")))

("string-case" ((:system :name "serapeum") (:system :name "string-case")))

("tar-cli-asdf.asd" ((:system :name "tar-cli") (:system :name "tar-cli-asdf"))
 ((:system :name "tar-cli") (:system :name "tar-cli-asdf"))
 (t (:asd-file :name "tar-cli-asdf.asd")))

("tar-cli.asd" (t (:asd-file :name "tar-cli.asd")))

("tar.asd" ((:system :name "tar/test") (:system :name "tar"))
 ((:system :name "tar/simple-extract-test")
  (:system :name "tar/simple-extract"))
 ((:system :name "tar/simple-extract") (:system :name "tar"))
 ((:system :name "tar/simple-extract") (:system :name "tar/common-extract"))
 ((:system :name "tar/simple-create-test") (:system :name "tar/simple-create"))
 ((:system :name "tar/simple-create") (:system :name "tar"))
 ((:system :name "tar/extract-test") (:system :name "tar/extract"))
 ((:system :name "tar/extract") (:system :name "tar"))
 ((:system :name "tar/extract") (:system :name "tar/common-extract"))
 ((:system :name "tar/docs") (:system :name "tar"))
 ((:system :name "tar/docs") (:system :name "tar/simple-extract"))
 ((:system :name "tar/docs") (:system :name "tar/extract"))
 ((:system :name "tar/docs") (:system :name "tar/create"))
 ((:system :name "tar/create-test") (:system :name "tar/create"))
 ((:system :name "tar/create") (:system :name "tar"))
 ((:system :name "tar/common-extract") (:system :name "tar"))
 ((:system :name "tar-cli") (:system :name "tar"))
 ((:system :name "tar-cli") (:system :name "tar/create"))
 ((:system :name "tar-cli") (:system :name "tar/extract"))
 (t (:asd-file :name "tar.asd")))

("tmpdir" (t (:system :name "tmpdir")))

("trivia" ((:system :name "type-i") (:system :name "trivia.trivial"))
 ((:system :name "trivia.trivial") (:system :name "trivia.level2"))
 ((:system :name "trivia.quasiquote") (:system :name "trivia.trivial"))
 ((:system :name "trivia.level2") (:system :name "trivia.level1"))
 ((:system :name "trivia.level1") (:system :name "trivia.level0"))
 ((:system :name "trivia.balland2006") (:system :name "trivia.trivial"))
 ((:system :name "trivia") (:system :name "trivia.balland2006"))
 ((:system :name "serapeum") (:system :name "trivia.quasiquote"))
 ((:system :name "serapeum") (:system :name "trivia"))
 ((:system :name "fare-quasiquote-optima") (:system :name "trivia.quasiquote")))

("trivial-backtrace"
 ((:system :name "fiveam") (:system :name "trivial-backtrace")))

("trivial-cltl2"
 ((:system :name "trivia.level2") (:system :name "trivial-cltl2"))
 ((:system :name "serapeum") (:system :name "trivial-cltl2")))

("trivial-extract" (t (:system :name "trivial-extract")))

("trivial-features"
 ((:system :name "osicat/tests") (:system :name "trivial-features"))
 ((:system :name "osicat") (:system :name "trivial-features"))
 ((:system :name "osicat") (:system :name "trivial-features"))
 ((:system :name "mmap") (:system :name "trivial-features"))
 ((:system :name "file-attributes") (:system :name "trivial-features"))
 ((:system :name "dexador") (:system :name "trivial-features"))
 ((:system :name "cl+ssl") (:system :name "trivial-features"))
 ((:system :name "cffi") (:system :name "trivial-features"))
 ((:system :name "babel") (:system :name "trivial-features"))
 ((:system :name "3bz") (:system :name "trivial-features")))

("trivial-file-size"
 ((:system :name "serapeum") (:system :name "trivial-file-size")))

("trivial-garbage"
 ((:system :name "serapeum") (:system :name "trivial-garbage"))
 ((:system :name "cl+ssl") (:system :name "trivial-garbage")))

("trivial-gray-streams"
 ((:system :name "zip") (:system :name "trivial-gray-streams"))
 ((:system :name "tar-file") (:system :name "trivial-gray-streams"))
 ((:system :name "spinneret") (:system :name "trivial-gray-streams"))
 ((:system :name "salza2") (:system :name "trivial-gray-streams"))
 ((:system :name "flexi-streams") (:system :name "trivial-gray-streams"))
 ((:system :name "fast-io") (:system :name "trivial-gray-streams"))
 ((:system :name "dexador") (:system :name "trivial-gray-streams"))
 ((:system :name "cl+ssl") (:system :name "trivial-gray-streams"))
 ((:system :name "chunga") (:system :name "trivial-gray-streams"))
 ((:system :name "archive") (:system :name "trivial-gray-streams")))

("trivial-indent" ((:system :name "lass") (:system :name "trivial-indent"))
 ((:system :name "documentation-utils") (:system :name "trivial-indent")))

("trivial-macroexpand-all"
 ((:system :name "serapeum") (:system :name "trivial-macroexpand-all")))

("trivial-mimes" ((:system :name "lass") (:system :name "trivial-mimes"))
 ((:system :name "dexador") (:system :name "trivial-mimes")))

("trivial-types" ((:system :name "jonathan") (:system :name "trivial-types"))
 ((:system :name "common-doc") (:system :name "trivial-types"))
 ((:system :name "cl-syntax") (:system :name "trivial-types")))

("trivial-with-current-source-form"
 ((:system :name "esrap") (:system :name "trivial-with-current-source-form")))

("type-i" ((:system :name "trivia.balland2006") (:system :name "type-i")))

("usocket" ((:system :name "drakma") (:system :name "usocket"))
 ((:system :name "dexador") (:system :name "usocket"))
 ((:system :name "cl+ssl") (:system :name "usocket")))

("which" ((:system :name "trivial-extract") (:system :name "which")))

("xml-emitter" (t (:system :name "xml-emitter")))

("xsubseq" ((:system :name "smart-buffer") (:system :name "xsubseq"))
 ((:system :name "fast-http") (:system :name "xsubseq")))

("zip" ((:system :name "trivial-extract") (:system :name "zip")))

("zippy" ((:system :name "asdf-release-ops/archive") (:system :name "zippy")))

